
Microsoft Visual Studio Solution File, Format Version 12.00
# Visual Studio Version 16
VisualStudioVersion = 16.0.29503.13
MinimumVisualStudioVersion = 10.0.40219.1
Project("{8BC9CEB8-8B4A-11D0-8D11-00A0C91BC942}") = "S4_ASI_Loader", "S4_ASI_Loader\S4_ASI_Loader.vcxproj", "{34E0C349-50AF-490C-BBE8-5DBD4286DD3E}"
EndProject
Global
	GlobalSection(SolutionConfigurationPlatforms) = preSolution
		Debug|x86 = Debug|x86
		Release|x86 = Release|x86
	EndGlobalSection
	GlobalSection(ProjectConfigurationPlatforms) = postSolution
		{34E0C349-50AF-490C-BBE8-5DBD4286DD3E}.Debug|x86.ActiveCfg = Debug|Win32
		{34E0C349-50AF-490C-BBE8-5DBD4286DD3E}.Debug|x86.Build.0 = Debug|Win32
		{34E0C349-50AF-490C-BBE8-5DBD4286DD3E}.Release|x86.ActiveCfg = Release|Win32
		{34E0C349-50AF-490C-BBE8-5DBD4286DD3E}.Release|x86.Build.0 = Release|Win32
	EndGlobalSection
	GlobalSection(SolutionProperties) = preSolution
		HideSolutionNode = FALSE
	EndGlobalSection
	GlobalSection(ExtensibilityGlobals) = postSolution
		SolutionGuid = {EE089082-1B2A-4348-83B6-70C7AEB605ED}
	EndGlobalSection
EndGlobal
